
Microsoft Visual Studio Solution File, Format Version 11.00
# Visual Studio 2010
Project("{FAE04EC0-301F-11D3-BF4B-00C04F79EFBC}") = "New Ball Game", "Assembly-CSharp-firstpass.csproj", "{F4BFC3E1-A328-DA68-43A2-EF52A488BD69}"
EndProject
Project("{FAE04EC0-301F-11D3-BF4B-00C04F79EFBC}") = "New Ball Game", "Assembly-CSharp.csproj", "{95B23791-C800-D49C-17BF-621FA39D3409}"
EndProject
Project("{FAE04EC0-301F-11D3-BF4B-00C04F79EFBC}") = "New Ball Game", "Assembly-CSharp-Editor-firstpass.csproj", "{356603F2-1FD4-F05E-0F6F-867F3BCA173F}"
EndProject
Global
	GlobalSection(SolutionConfigurationPlatforms) = preSolution
		Debug|Any CPU = Debug|Any CPU
		Release|Any CPU = Release|Any CPU
	EndGlobalSection
	GlobalSection(ProjectConfigurationPlatforms) = postSolution
		{F4BFC3E1-A328-DA68-43A2-EF52A488BD69}.Debug|Any CPU.ActiveCfg = Debug|Any CPU
		{F4BFC3E1-A328-DA68-43A2-EF52A488BD69}.Debug|Any CPU.Build.0 = Debug|Any CPU
		{F4BFC3E1-A328-DA68-43A2-EF52A488BD69}.Release|Any CPU.ActiveCfg = Release|Any CPU
		{F4BFC3E1-A328-DA68-43A2-EF52A488BD69}.Release|Any CPU.Build.0 = Release|Any CPU
		{95B23791-C800-D49C-17BF-621FA39D3409}.Debug|Any CPU.ActiveCfg = Debug|Any CPU
		{95B23791-C800-D49C-17BF-621FA39D3409}.Debug|Any CPU.Build.0 = Debug|Any CPU
		{95B23791-C800-D49C-17BF-621FA39D3409}.Release|Any CPU.ActiveCfg = Release|Any CPU
		{95B23791-C800-D49C-17BF-621FA39D3409}.Release|Any CPU.Build.0 = Release|Any CPU
		{356603F2-1FD4-F05E-0F6F-867F3BCA173F}.Debug|Any CPU.ActiveCfg = Debug|Any CPU
		{356603F2-1FD4-F05E-0F6F-867F3BCA173F}.Debug|Any CPU.Build.0 = Debug|Any CPU
		{356603F2-1FD4-F05E-0F6F-867F3BCA173F}.Release|Any CPU.ActiveCfg = Release|Any CPU
		{356603F2-1FD4-F05E-0F6F-867F3BCA173F}.Release|Any CPU.Build.0 = Release|Any CPU
	EndGlobalSection
	GlobalSection(SolutionProperties) = preSolution
		HideSolutionNode = FALSE
	EndGlobalSection
	GlobalSection(MonoDevelopProperties) = preSolution
		StartupItem = Assembly-CSharp.csproj
	EndGlobalSection
EndGlobal
